
Microsoft Visual Studio Solution File, Format Version 12.00
# Visual Studio Version 16
VisualStudioVersion = 25.0.1704.2
MinimumVisualStudioVersion = 10.0.40219.1
Project("{FAE04EC0-301F-11D3-BF4B-00C04F79EFBC}") = "api", "api\api.csproj", "{8191F870-8ABF-41D4-81A7-B71254922F33}"
EndProject
Global
	GlobalSection(SolutionConfigurationPlatforms) = preSolution
		Debug|Any CPU = Debug|Any CPU
		Release|Any CPU = Release|Any CPU
	EndGlobalSection
	GlobalSection(ProjectConfigurationPlatforms) = postSolution
		{8191F870-8ABF-41D4-81A7-B71254922F33}.Debug|Any CPU.ActiveCfg = Debug|Any CPU
		{8191F870-8ABF-41D4-81A7-B71254922F33}.Debug|Any CPU.Build.0 = Debug|Any CPU
		{8191F870-8ABF-41D4-81A7-B71254922F33}.Release|Any CPU.ActiveCfg = Release|Any CPU
		{8191F870-8ABF-41D4-81A7-B71254922F33}.Release|Any CPU.Build.0 = Release|Any CPU
	EndGlobalSection
	GlobalSection(SolutionProperties) = preSolution
		HideSolutionNode = FALSE
	EndGlobalSection
	GlobalSection(ExtensibilityGlobals) = postSolution
		SolutionGuid = {B2010911-9783-42A2-877B-CBEBD8D49F2C}
	EndGlobalSection
EndGlobal
