
Microsoft Visual Studio Solution File, Format Version 12.00
# Visual Studio Version 16
VisualStudioVersion = 25.0.1704.2
MinimumVisualStudioVersion = 10.0.40219.1
Project("{FAE04EC0-301F-11D3-BF4B-00C04F79EFBC}") = "Api", "Api\Api.csproj", "{26148F20-38D5-4376-9797-474589EDB51E}"
EndProject
Project("{FAE04EC0-301F-11D3-BF4B-00C04F79EFBC}") = "Data", "Data\Data.csproj", "{063BEE2F-AF76-4511-BC11-EF9750D8624E}"
EndProject
Project("{FAE04EC0-301F-11D3-BF4B-00C04F79EFBC}") = "Services", "Services\Services.csproj", "{6FCD8D5F-4A8F-4BF5-88E2-145818800E4A}"
EndProject
Global
	GlobalSection(SolutionConfigurationPlatforms) = preSolution
		Debug|Any CPU = Debug|Any CPU
		Release|Any CPU = Release|Any CPU
	EndGlobalSection
	GlobalSection(ProjectConfigurationPlatforms) = postSolution
		{26148F20-38D5-4376-9797-474589EDB51E}.Debug|Any CPU.ActiveCfg = Debug|Any CPU
		{26148F20-38D5-4376-9797-474589EDB51E}.Debug|Any CPU.Build.0 = Debug|Any CPU
		{26148F20-38D5-4376-9797-474589EDB51E}.Release|Any CPU.ActiveCfg = Release|Any CPU
		{26148F20-38D5-4376-9797-474589EDB51E}.Release|Any CPU.Build.0 = Release|Any CPU
		{063BEE2F-AF76-4511-BC11-EF9750D8624E}.Debug|Any CPU.ActiveCfg = Debug|Any CPU
		{063BEE2F-AF76-4511-BC11-EF9750D8624E}.Debug|Any CPU.Build.0 = Debug|Any CPU
		{063BEE2F-AF76-4511-BC11-EF9750D8624E}.Release|Any CPU.ActiveCfg = Release|Any CPU
		{063BEE2F-AF76-4511-BC11-EF9750D8624E}.Release|Any CPU.Build.0 = Release|Any CPU
		{6FCD8D5F-4A8F-4BF5-88E2-145818800E4A}.Debug|Any CPU.ActiveCfg = Debug|Any CPU
		{6FCD8D5F-4A8F-4BF5-88E2-145818800E4A}.Debug|Any CPU.Build.0 = Debug|Any CPU
		{6FCD8D5F-4A8F-4BF5-88E2-145818800E4A}.Release|Any CPU.ActiveCfg = Release|Any CPU
		{6FCD8D5F-4A8F-4BF5-88E2-145818800E4A}.Release|Any CPU.Build.0 = Release|Any CPU
	EndGlobalSection
	GlobalSection(SolutionProperties) = preSolution
		HideSolutionNode = FALSE
	EndGlobalSection
	GlobalSection(ExtensibilityGlobals) = postSolution
		SolutionGuid = {5EE43F95-7E4E-4024-AD00-D3FCDEBC8A23}
	EndGlobalSection
EndGlobal
